
Microsoft Visual Studio Solution File, Format Version 12.00
# Visual Studio Version 17
VisualStudioVersion = 17.3.32819.101
MinimumVisualStudioVersion = 10.0.40219.1
Project("{FAE04EC0-301F-11D3-BF4B-00C04F79EFBC}") = "CreateTree", "CreateTree\CreateTree.csproj", "{A2C3FBC5-955C-46EC-86FE-00D55373FBFE}"
EndProject
Global
	GlobalSection(SolutionConfigurationPlatforms) = preSolution
		Debug|Any CPU = Debug|Any CPU
		Release|Any CPU = Release|Any CPU
	EndGlobalSection
	GlobalSection(ProjectConfigurationPlatforms) = postSolution
		{A2C3FBC5-955C-46EC-86FE-00D55373FBFE}.Debug|Any CPU.ActiveCfg = Debug|Any CPU
		{A2C3FBC5-955C-46EC-86FE-00D55373FBFE}.Debug|Any CPU.Build.0 = Debug|Any CPU
		{A2C3FBC5-955C-46EC-86FE-00D55373FBFE}.Release|Any CPU.ActiveCfg = Release|Any CPU
		{A2C3FBC5-955C-46EC-86FE-00D55373FBFE}.Release|Any CPU.Build.0 = Release|Any CPU
	EndGlobalSection
	GlobalSection(SolutionProperties) = preSolution
		HideSolutionNode = FALSE
	EndGlobalSection
	GlobalSection(ExtensibilityGlobals) = postSolution
		SolutionGuid = {017D5A13-ACD8-4BA3-9753-0317E7B02956}
	EndGlobalSection
EndGlobal
